github.com/mem-memov/mbook v1.0.0 h1:l2HFaSLVIKm2P/edTI2G46WTgYteDEzLBnKL8Fisj4Y=
github.com/mem-memov/mbook v1.0.0/go.mod h1:ojHyv36Nn8qQF/afr//Szq8RjWpct9a+xdz2P/pRLQY=
github.com/mem-memov/mbook v1.0.1 h1:YmKx7E0mTyDpT/biuDRJDH0n3gOSCj74yvCJyffZ/CM=
github.com/mem-memov/mbook v1.0.1/go.mod h1:ojHyv36Nn8qQF/afr//Szq8RjWpct9a+xdz2P/pRLQY=
github.com/mem-memov/mbook v1.0.3 h1:54NAQlCablGoyuEI1le6DhLfldeR3MK0+lwPS0czgvk=
github.com/mem-memov/mbook v1.0.3/go.mod h1:ojHyv36Nn8qQF/afr//Szq8RjWpct9a+xdz2P/pRLQY=
